
Microsoft Visual Studio Solution File, Format Version 12.00
# Visual Studio 15
VisualStudioVersion = 15.0.28307.705
MinimumVisualStudioVersion = 10.0.40219.1
Project("{FAE04EC0-301F-11D3-BF4B-00C04F79EFBC}") = "module_05b", "module_05b.csproj", "{CD648E6C-240F-46CE-AF4B-6D572E5D9DC6}"
EndProject
Global
	GlobalSection(SolutionConfigurationPlatforms) = preSolution
		Debug|Any CPU = Debug|Any CPU
		Release|Any CPU = Release|Any CPU
	EndGlobalSection
	GlobalSection(ProjectConfigurationPlatforms) = postSolution
		{CD648E6C-240F-46CE-AF4B-6D572E5D9DC6}.Debug|Any CPU.ActiveCfg = Debug|Any CPU
		{CD648E6C-240F-46CE-AF4B-6D572E5D9DC6}.Debug|Any CPU.Build.0 = Debug|Any CPU
		{CD648E6C-240F-46CE-AF4B-6D572E5D9DC6}.Release|Any CPU.ActiveCfg = Release|Any CPU
		{CD648E6C-240F-46CE-AF4B-6D572E5D9DC6}.Release|Any CPU.Build.0 = Release|Any CPU
	EndGlobalSection
	GlobalSection(SolutionProperties) = preSolution
		HideSolutionNode = FALSE
	EndGlobalSection
	GlobalSection(ExtensibilityGlobals) = postSolution
		SolutionGuid = {23337DCC-0332-448B-8DE1-F932D9684F99}
	EndGlobalSection
EndGlobal
